// !$*UTF8*$!
{
	archiveVersion = 1;
	classes = {
	};
	objectVersion = 51;
	objects = {

/* Begin PBXBuildFile section */
		079C12EE77007892B02040BF /* Pods_SHEmotionKeyboardExmaple.framework in Frameworks */ = {isa = PBXBuildFile; fileRef = EB1D9E95BA27F520F9180CB8 /* Pods_SHEmotionKeyboardExmaple.framework */; };
		5C3D231A2126564300E46D76 /* SHEmotionAttachment.m in Sources */ = {isa = PBXBuildFile; fileRef = 5C3D23112126564300E46D76 /* SHEmotionAttachment.m */; };
		5C3D231B2126564300E46D76 /* SHEmotionKeyboard.m in Sources */ = {isa = PBXBuildFile; fileRef = 5C3D23132126564300E46D76 /* SHEmotionKeyboard.m */; };
		5C3D231C2126564300E46D76 /* SHEmotionKeyboard.bundle in Resources */ = {isa = PBXBuildFile; fileRef = 5C3D23152126564300E46D76 /* SHEmotionKeyboard.bundle */; };
		5C3D231D2126564300E46D76 /* SHEmotionTool.m in Sources */ = {isa = PBXBuildFile; fileRef = 5C3D23162126564300E46D76 /* SHEmotionTool.m */; };
		5C3D231E2126564300E46D76 /* SHEmotionModel.m in Sources */ = {isa = PBXBuildFile; fileRef = 5C3D23182126564300E46D76 /* SHEmotionModel.m */; };
		5CC96B7521254CC100E78A40 /* AppDelegate.m in Sources */ = {isa = PBXBuildFile; fileRef = 5CC96B7421254CC100E78A40 /* AppDelegate.m */; };
		5CC96B7821254CC100E78A40 /* ViewController.m in Sources */ = {isa = PBXBuildFile; fileRef = 5CC96B7721254CC100E78A40 /* ViewController.m */; };
		5CC96B7B21254CC100E78A40 /* Main.storyboard in Resources */ = {isa = PBXBuildFile; fileRef = 5CC96B7921254CC100E78A40 /* Main.storyboard */; };
		5CC96B7D21254CC200E78A40 /* Assets.xcassets in Resources */ = {isa = PBXBuildFile; fileRef = 5CC96B7C21254CC200E78A40 /* Assets.xcassets */; };
		5CC96B8021254CC200E78A40 /* LaunchScreen.storyboard in Resources */ = {isa = PBXBuildFile; fileRef = 5CC96B7E21254CC200E78A40 /* LaunchScreen.storyboard */; };
		5CC96B8321254CC200E78A40 /* main.m in Sources */ = {isa = PBXBuildFile; fileRef = 5CC96B8221254CC200E78A40 /* main.m */; };
		5CC96B8D21254CC200E78A40 /* SHEmotionKeyboardExmapleTests.m in Sources */ = {isa = PBXBuildFile; fileRef = 5CC96B8C21254CC200E78A40 /* SHEmotionKeyboardExmapleTests.m */; };
		5CC96B9821254CC200E78A40 /* SHEmotionKeyboardExmapleUITests.m in Sources */ = {isa = PBXBuildFile; fileRef = 5CC96B9721254CC200E78A40 /* SHEmotionKeyboardExmapleUITests.m */; };
/* End PBXBuildFile section */

/* Begin PBXContainerItemProxy section */
		5CC96B8921254CC200E78A40 /* PBXContainerItemProxy */ = {
			isa = PBXContainerItemProxy;
			containerPortal = 5CC96B6821254CC100E78A40 /* Project object */;
			proxyType = 1;
			remoteGlobalIDString = 5CC96B6F21254CC100E78A40;
			remoteInfo = SHEmotionKeyboardExmaple;
		};
		5CC96B9421254CC200E78A40 /* PBXContainerItemProxy */ = {
			isa = PBXContainerItemProxy;
			containerPortal = 5CC96B6821254CC100E78A40 /* Project object */;
			proxyType = 1;
			remoteGlobalIDString = 5CC96B6F21254CC100E78A40;
			remoteInfo = SHEmotionKeyboardExmaple;
		};
/* End PBXContainerItemProxy section */

/* Begin PBXFileReference section */
		325126831A52E79F4D6BD643 /* Pods-SHEmotionKeyboardExmaple.release.xcconfig */ = {isa = PBXFileReference; includeInIndex = 1; lastKnownFileType = text.xcconfig; name = "Pods-SHEmotionKeyboardExmaple.release.xcconfig"; path = "Target Support Files/Pods-SHEmotionKeyboardExmaple/Pods-SHEmotionKeyboardExmaple.release.xcconfig"; sourceTree = "<group>"; };
		5C3D23112126564300E46D76 /* SHEmotionAttachment.m */ = {isa = PBXFileReference; fileEncoding = 4; lastKnownFileType = sourcecode.c.objc; path = SHEmotionAttachment.m; sourceTree = "<group>"; };
		5C3D23122126564300E46D76 /* SHEmotionTool.h */ = {isa = PBXFileReference; fileEncoding = 4; lastKnownFileType = sourcecode.c.h; path = SHEmotionTool.h; sourceTree = "<group>"; };
		5C3D23132126564300E46D76 /* SHEmotionKeyboard.m */ = {isa = PBXFileReference; fileEncoding = 4; lastKnownFileType = sourcecode.c.objc; path = SHEmotionKeyboard.m; sourceTree = "<group>"; };
		5C3D23142126564300E46D76 /* SHEmotionModel.h */ = {isa = PBXFileReference; fileEncoding = 4; lastKnownFileType = sourcecode.c.h; path = SHEmotionModel.h; sourceTree = "<group>"; };
		5C3D23152126564300E46D76 /* SHEmotionKeyboard.bundle */ = {isa = PBXFileReference; lastKnownFileType = "wrapper.plug-in"; path = SHEmotionKeyboard.bundle; sourceTree = "<group>"; };
		5C3D23162126564300E46D76 /* SHEmotionTool.m */ = {isa = PBXFileReference; fileEncoding = 4; lastKnownFileType = sourcecode.c.objc; path = SHEmotionTool.m; sourceTree = "<group>"; };
		5C3D23172126564300E46D76 /* SHEmotionAttachment.h */ = {isa = PBXFileReference; fileEncoding = 4; lastKnownFileType = sourcecode.c.h; path = SHEmotionAttachment.h; sourceTree = "<group>"; };
		5C3D23182126564300E46D76 /* SHEmotionModel.m */ = {isa = PBXFileReference; fileEncoding = 4; lastKnownFileType = sourcecode.c.objc; path = SHEmotionModel.m; sourceTree = "<group>"; };
		5C3D23192126564300E46D76 /* SHEmotionKeyboard.h */ = {isa = PBXFileReference; fileEncoding = 4; lastKnownFileType = sourcecode.c.h; path = SHEmotionKeyboard.h; sourceTree = "<group>"; };
		5CC96B7021254CC100E78A40 /* SHEmotionKeyboardExmaple.app */ = {isa = PBXFileReference; explicitFileType = wrapper.application; includeInIndex = 0; path = SHEmotionKeyboardExmaple.app; sourceTree = BUILT_PRODUCTS_DIR; };
		5CC96B7321254CC100E78A40 /* AppDelegate.h */ = {isa = PBXFileReference; lastKnownFileType = sourcecode.c.h; path = AppDelegate.h; sourceTree = "<group>"; };
		5CC96B7421254CC100E78A40 /* AppDelegate.m */ = {isa = PBXFileReference; lastKnownFileType = sourcecode.c.objc; path = AppDelegate.m; sourceTree = "<group>"; };
		5CC96B7621254CC100E78A40 /* ViewController.h */ = {isa = PBXFileReference; lastKnownFileType = sourcecode.c.h; path = ViewController.h; sourceTree = "<group>"; };
		5CC96B7721254CC100E78A40 /* ViewController.m */ = {isa = PBXFileReference; lastKnownFileType = sourcecode.c.objc; path = ViewController.m; sourceTree = "<group>"; };
		5CC96B7A21254CC100E78A40 /* Base */ = {isa = PBXFileReference; lastKnownFileType = file.storyboard; name = Base; path = Base.lproj/Main.storyboard; sourceTree = "<group>"; };
		5CC96B7C21254CC200E78A40 /* Assets.xcassets */ = {isa = PBXFileReference; lastKnownFileType = folder.assetcatalog; path = Assets.xcassets; sourceTree = "<group>"; };
		5CC96B7F21254CC200E78A40 /* Base */ = {isa = PBXFileReference; lastKnownFileType = file.storyboard; name = Base; path = Base.lproj/LaunchScreen.storyboard; sourceTree = "<group>"; };
		5CC96B8121254CC200E78A40 /* Info.plist */ = {isa = PBXFileReference; lastKnownFileType = text.plist.xml; path = Info.plist; sourceTree = "<group>"; };
		5CC96B8221254CC200E78A40 /* main.m */ = {isa = PBXFileReference; lastKnownFileType = sourcecode.c.objc; path = main.m; sourceTree = "<group>"; };
		5CC96B8821254CC200E78A40 /* SHEmotionKeyboardExmapleTests.xctest */ = {isa = PBXFileReference; explicitFileType = wrapper.cfbundle; includeInIndex = 0; path = SHEmotionKeyboardExmapleTests.xctest; sourceTree = BUILT_PRODUCTS_DIR; };
		5CC96B8C21254CC200E78A40 /* SHEmotionKeyboardExmapleTests.m */ = {isa = PBXFileReference; lastKnownFileType = sourcecode.c.objc; path = SHEmotionKeyboardExmapleTests.m; sourceTree = "<group>"; };
		5CC96B8E21254CC200E78A40 /* Info.plist */ = {isa = PBXFileReference; lastKnownFileType = text.plist.xml; path = Info.plist; sourceTree = "<group>"; };
		5CC96B9321254CC200E78A40 /* SHEmotionKeyboardExmapleUITests.xctest */ = {isa = PBXFileReference; explicitFileType = wrapper.cfbundle; includeInIndex = 0; path = SHEmotionKeyboardExmapleUITests.xctest; sourceTree = BUILT_PRODUCTS_DIR; };
		5CC96B9721254CC200E78A40 /* SHEmotionKeyboardExmapleUITests.m */ = {isa = PBXFileReference; lastKnownFileType = sourcecode.c.objc; path = SHEmotionKeyboardExmapleUITests.m; sourceTree = "<group>"; };
		5CC96B9921254CC200E78A40 /* Info.plist */ = {isa = PBXFileReference; lastKnownFileType = text.plist.xml; path = Info.plist; sourceTree = "<group>"; };
		CA16EE80A1EE314182D0ED30 /* Pods-SHEmotionKeyboardExmaple.debug.xcconfig */ = {isa = PBXFileReference; includeInIndex = 1; lastKnownFileType = text.xcconfig; name = "Pods-SHEmotionKeyboardExmaple.debug.xcconfig"; path = "Target Support Files/Pods-SHEmotionKeyboardExmaple/Pods-SHEmotionKeyboardExmaple.debug.xcconfig"; sourceTree = "<group>"; };
		EB1D9E95BA27F520F9180CB8 /* Pods_SHEmotionKeyboardExmaple.framework */ = {isa = PBXFileReference; explicitFileType = wrapper.framework; includeInIndex = 0; path = Pods_SHEmotionKeyboardExmaple.framework; sourceTree = BUILT_PRODUCTS_DIR; };
/* End PBXFileReference section */

/* Begin PBXFrameworksBuildPhase section */
		5CC96B6D21254CC100E78A40 /* Frameworks */ = {
			isa = PBXFrameworksBuildPhase;
			buildActionMask = 2147483647;
			files = (
				079C12EE77007892B02040BF /* Pods_SHEmotionKeyboardExmaple.framework in Frameworks */,
			);
			runOnlyForDeploymentPostprocessing = 0;
		};
		5CC96B8521254CC200E78A40 /* Frameworks */ = {
			isa = PBXFrameworksBuildPhase;
			buildActionMask = 2147483647;
			files = (
			);
			runOnlyForDeploymentPostprocessing = 0;
		};
		5CC96B9021254CC200E78A40 /* Frameworks */ = {
			isa = PBXFrameworksBuildPhase;
			buildActionMask = 2147483647;
			files = (
			);
			runOnlyForDeploymentPostprocessing = 0;
		};
/* End PBXFrameworksBuildPhase section */

/* Begin PBXGroup section */
		506837A9B8AAFFCB1E68A3D1 /* Frameworks */ = {
			isa = PBXGroup;
			children = (
				EB1D9E95BA27F520F9180CB8 /* Pods_SHEmotionKeyboardExmaple.framework */,
			);
			name = Frameworks;
			sourceTree = "<group>";
		};
		5C3D23102126564300E46D76 /* SHEmotionKeyboard */ = {
			isa = PBXGroup;
			children = (
				5C3D23192126564300E46D76 /* SHEmotionKeyboard.h */,
				5C3D23132126564300E46D76 /* SHEmotionKeyboard.m */,
				5C3D23122126564300E46D76 /* SHEmotionTool.h */,
				5C3D23162126564300E46D76 /* SHEmotionTool.m */,
				5C3D23172126564300E46D76 /* SHEmotionAttachment.h */,
				5C3D23112126564300E46D76 /* SHEmotionAttachment.m */,
				5C3D23142126564300E46D76 /* SHEmotionModel.h */,
				5C3D23182126564300E46D76 /* SHEmotionModel.m */,
				5C3D23152126564300E46D76 /* SHEmotionKeyboard.bundle */,
			);
			path = SHEmotionKeyboard;
			sourceTree = "<group>";
		};
		5CC96B6721254CC100E78A40 = {
			isa = PBXGroup;
			children = (
				5CC96B7221254CC100E78A40 /* SHEmotionKeyboardExmaple */,
				5CC96B8B21254CC200E78A40 /* SHEmotionKeyboardExmapleTests */,
				5CC96B9621254CC200E78A40 /* SHEmotionKeyboardExmapleUITests */,
				5CC96B7121254CC100E78A40 /* Products */,
				986FD72C75B4E48972D9E2B9 /* Pods */,
				506837A9B8AAFFCB1E68A3D1 /* Frameworks */,
			);
			sourceTree = "<group>";
		};
		5CC96B7121254CC100E78A40 /* Products */ = {
			isa = PBXGroup;
			children = (
				5CC96B7021254CC100E78A40 /* SHEmotionKeyboardExmaple.app */,
				5CC96B8821254CC200E78A40 /* SHEmotionKeyboardExmapleTests.xctest */,
				5CC96B9321254CC200E78A40 /* SHEmotionKeyboardExmapleUITests.xctest */,
			);
			name = Products;
			sourceTree = "<group>";
		};
		5CC96B7221254CC100E78A40 /* SHEmotionKeyboardExmaple */ = {
			isa = PBXGroup;
			children = (
				5C3D23102126564300E46D76 /* SHEmotionKeyboard */,
				5CC96B7321254CC100E78A40 /* AppDelegate.h */,
				5CC96B7421254CC100E78A40 /* AppDelegate.m */,
				5CC96B7621254CC100E78A40 /* ViewController.h */,
				5CC96B7721254CC100E78A40 /* ViewController.m */,
				5CC96B7921254CC100E78A40 /* Main.storyboard */,
				5CC96B7C21254CC200E78A40 /* Assets.xcassets */,
				5CC96B7E21254CC200E78A40 /* LaunchScreen.storyboard */,
				5CC96B8121254CC200E78A40 /* Info.plist */,
				5CC96B8221254CC200E78A40 /* main.m */,
			);
			path = SHEmotionKeyboardExmaple;
			sourceTree = "<group>";
		};
		5CC96B8B21254CC200E78A40 /* SHEmotionKeyboardExmapleTests */ = {
			isa = PBXGroup;
			children = (
				5CC96B8C21254CC200E78A40 /* SHEmotionKeyboardExmapleTests.m */,
				5CC96B8E21254CC200E78A40 /* Info.plist */,
			);
			path = SHEmotionKeyboardExmapleTests;
			sourceTree = "<group>";
		};
		5CC96B9621254CC200E78A40 /* SHEmotionKeyboardExmapleUITests */ = {
			isa = PBXGroup;
			children = (
				5CC96B9721254CC200E78A40 /* SHEmotionKeyboardExmapleUITests.m */,
				5CC96B9921254CC200E78A40 /* Info.plist */,
			);
			path = SHEmotionKeyboardExmapleUITests;
			sourceTree = "<group>";
		};
		986FD72C75B4E48972D9E2B9 /* Pods */ = {
			isa = PBXGroup;
			children = (
				CA16EE80A1EE314182D0ED30 /* Pods-SHEmotionKeyboardExmaple.debug.xcconfig */,
				325126831A52E79F4D6BD643 /* Pods-SHEmotionKeyboardExmaple.release.xcconfig */,
			);
			path = Pods;
			sourceTree = "<group>";
		};
/* End PBXGroup section */

/* Begin PBXNativeTarget section */
		5CC96B6F21254CC100E78A40 /* SHEmotionKeyboardExmaple */ = {
			isa = PBXNativeTarget;
			buildConfigurationList = 5CC96B9C21254CC200E78A40 /* Build configuration list for PBXNativeTarget "SHEmotionKeyboardExmaple" */;
			buildPhases = (
				F3DAA43585ECA56BDE3A5D6B /* [CP] Check Pods Manifest.lock */,
				5CC96B6C21254CC100E78A40 /* Sources */,
				5CC96B6D21254CC100E78A40 /* Frameworks */,
				5CC96B6E21254CC100E78A40 /* Resources */,
				86B3D8571DB26B67E0EEB3E4 /* [CP] Embed Pods Frameworks */,
			);
			buildRules = (
			);
			dependencies = (
			);
			name = SHEmotionKeyboardExmaple;
			productName = SHEmotionKeyboardExmaple;
			productReference = 5CC96B7021254CC100E78A40 /* SHEmotionKeyboardExmaple.app */;
			productType = "com.apple.product-type.application";
		};
		5CC96B8721254CC200E78A40 /* SHEmotionKeyboardExmapleTests */ = {
			isa = PBXNativeTarget;
			buildConfigurationList = 5CC96B9F21254CC200E78A40 /* Build configuration list for PBXNativeTarget "SHEmotionKeyboardExmapleTests" */;
			buildPhases = (
				5CC96B8421254CC200E78A40 /* Sources */,
				5CC96B8521254CC200E78A40 /* Frameworks */,
				5CC96B8621254CC200E78A40 /* Resources */,
			);
			buildRules = (
			);
			dependencies = (
				5CC96B8A21254CC200E78A40 /* PBXTargetDependency */,
			);
			name = SHEmotionKeyboardExmapleTests;
			productName = SHEmotionKeyboardExmapleTests;
			productReference = 5CC96B8821254CC200E78A40 /* SHEmotionKeyboardExmapleTests.xctest */;
			productType = "com.apple.product-type.bundle.unit-test";
		};
		5CC96B9221254CC200E78A40 /* SHEmotionKeyboardExmapleUITests */ = {
			isa = PBXNativeTarget;
			buildConfigurationList = 5CC96BA221254CC200E78A40 /* Build configuration list for PBXNativeTarget "SHEmotionKeyboardExmapleUITests" */;
			buildPhases = (
				5CC96B8F21254CC200E78A40 /* Sources */,
				5CC96B9021254CC200E78A40 /* Frameworks */,
				5CC96B9121254CC200E78A40 /* Resources */,
			);
			buildRules = (
			);
			dependencies = (
				5CC96B9521254CC200E78A40 /* PBXTargetDependency */,
			);
			name = SHEmotionKeyboardExmapleUITests;
			productName = SHEmotionKeyboardExmapleUITests;
			productReference = 5CC96B9321254CC200E78A40 /* SHEmotionKeyboardExmapleUITests.xctest */;
			productType = "com.apple.product-type.bundle.ui-testing";
		};
/* End PBXNativeTarget section */

/* Begin PBXProject section */
		5CC96B6821254CC100E78A40 /* Project object */ = {
			isa = PBXProject;
			attributes = {
				LastUpgradeCheck = 0940;
				ORGANIZATIONNAME = CSH;
				TargetAttributes = {
					5CC96B6F21254CC100E78A40 = {
						CreatedOnToolsVersion = 9.4.1;
					};
					5CC96B8721254CC200E78A40 = {
						CreatedOnToolsVersion = 9.4.1;
						TestTargetID = 5CC96B6F21254CC100E78A40;
					};
					5CC96B9221254CC200E78A40 = {
						CreatedOnToolsVersion = 9.4.1;
						TestTargetID = 5CC96B6F21254CC100E78A40;
					};
				};
			};
			buildConfigurationList = 5CC96B6B21254CC100E78A40 /* Build configuration list for PBXProject "SHEmotionKeyboardExmaple" */;
			compatibilityVersion = "Xcode 9.3";
			developmentRegion = en;
			hasScannedForEncodings = 0;
			knownRegions = (
				en,
				Base,
			);
			mainGroup = 5CC96B6721254CC100E78A40;
			productRefGroup = 5CC96B7121254CC100E78A40 /* Products */;
			projectDirPath = "";
			projectRoot = "";
			targets = (
				5CC96B6F21254CC100E78A40 /* SHEmotionKeyboardExmaple */,
				5CC96B8721254CC200E78A40 /* SHEmotionKeyboardExmapleTests */,
				5CC96B9221254CC200E78A40 /* SHEmotionKeyboardExmapleUITests */,
			);
		};
/* End PBXProject section */

/* Begin PBXResourcesBuildPhase section */
		5CC96B6E21254CC100E78A40 /* Resources */ = {
			isa = PBXResourcesBuildPhase;
			buildActionMask = 2147483647;
			files = (
				5CC96B8021254CC200E78A40 /* LaunchScreen.storyboard in Resources */,
				5CC96B7D21254CC200E78A40 /* Assets.xcassets in Resources */,
				5CC96B7B21254CC100E78A40 /* Main.storyboard in Resources */,
				5C3D231C2126564300E46D76 /* SHEmotionKeyboard.bundle in Resources */,
			);
			runOnlyForDeploymentPostprocessing = 0;
		};
		5CC96B8621254CC200E78A40 /* Resources */ = {
			isa = PBXResourcesBuildPhase;
			buildActionMask = 2147483647;
			files = (
			);
			runOnlyForDeploymentPostprocessing = 0;
		};
		5CC96B9121254CC200E78A40 /* Resources */ = {
			isa = PBXResourcesBuildPhase;
			buildActionMask = 2147483647;
			files = (
			);
			runOnlyForDeploymentPostprocessing = 0;
		};
/* End PBXResourcesBuildPhase section */

/* Begin PBXShellScriptBuildPhase section */
		86B3D8571DB26B67E0EEB3E4 /* [CP] Embed Pods Frameworks */ = {
			isa = PBXShellScriptBuildPhase;
			buildActionMask = 2147483647;
			files = (
			);
			inputFileListPaths = (
				"${PODS_ROOT}/Target Support Files/Pods-SHEmotionKeyboardExmaple/Pods-SHEmotionKeyboardExmaple-frameworks-${CONFIGURATION}-input-files.xcfilelist",
			);
			name = "[CP] Embed Pods Frameworks";
			outputFileListPaths = (
				"${PODS_ROOT}/Target Support Files/Pods-SHEmotionKeyboardExmaple/Pods-SHEmotionKeyboardExmaple-frameworks-${CONFIGURATION}-output-files.xcfilelist",
			);
			runOnlyForDeploymentPostprocessing = 0;
			shellPath = /bin/sh;
			shellScript = "\"${PODS_ROOT}/Target Support Files/Pods-SHEmotionKeyboardExmaple/Pods-SHEmotionKeyboardExmaple-frameworks.sh\"\n";
			showEnvVarsInLog = 0;
		};
		F3DAA43585ECA56BDE3A5D6B /* [CP] Check Pods Manifest.lock */ = {
			isa = PBXShellScriptBuildPhase;
			buildActionMask = 2147483647;
			files = (
			);
			inputFileListPaths = (
			);
			inputPaths = (
				"${PODS_PODFILE_DIR_PATH}/Podfile.lock",
				"${PODS_ROOT}/Manifest.lock",
			);
			name = "[CP] Check Pods Manifest.lock";
			outputFileListPaths = (
			);
			outputPaths = (
				"$(DERIVED_FILE_DIR)/Pods-SHEmotionKeyboardExmaple-checkManifestLockResult.txt",
			);
			runOnlyForDeploymentPostprocessing = 0;
			shellPath = /bin/sh;
			shellScript = "diff \"${PODS_PODFILE_DIR_PATH}/Podfile.lock\" \"${PODS_ROOT}/Manifest.lock\" > /dev/null\nif [ $? != 0 ] ; then\n    # print error to STDERR\n    echo \"error: The sandbox is not in sync with the Podfile.lock. Run 'pod install' or update your CocoaPods installation.\" >&2\n    exit 1\nfi\n# This output is used by Xcode 'outputs' to avoid re-running this script phase.\necho \"SUCCESS\" > \"${SCRIPT_OUTPUT_FILE_0}\"\n";
			showEnvVarsInLog = 0;
		};
/* End PBXShellScriptBuildPhase section */

/* Begin PBXSourcesBuildPhase section */
		5CC96B6C21254CC100E78A40 /* Sources */ = {
			isa = PBXSourcesBuildPhase;
			buildActionMask = 2147483647;
			files = (
				5C3D231D2126564300E46D76 /* SHEmotionTool.m in Sources */,
				5CC96B7821254CC100E78A40 /* ViewController.m in Sources */,
				5C3D231E2126564300E46D76 /* SHEmotionModel.m in Sources */,
				5CC96B8321254CC200E78A40 /* main.m in Sources */,
				5C3D231A2126564300E46D76 /* SHEmotionAttachment.m in Sources */,
				5CC96B7521254CC100E78A40 /* AppDelegate.m in Sources */,
				5C3D231B2126564300E46D76 /* SHEmotionKeyboard.m in Sources */,
			);
			runOnlyForDeploymentPostprocessing = 0;
		};
		5CC96B8421254CC200E78A40 /* Sources */ = {
			isa = PBXSourcesBuildPhase;
			buildActionMask = 2147483647;
			files = (
				5CC96B8D21254CC200E78A40 /* SHEmotionKeyboardExmapleTests.m in Sources */,
			);
			runOnlyForDeploymentPostprocessing = 0;
		};
		5CC96B8F21254CC200E78A40 /* Sources */ = {
			isa = PBXSourcesBuildPhase;
			buildActionMask = 2147483647;
			files = (
				5CC96B9821254CC200E78A40 /* SHEmotionKeyboardExmapleUITests.m in Sources */,
			);
			runOnlyForDeploymentPostprocessing = 0;
		};
/* End PBXSourcesBuildPhase section */

/* Begin PBXTargetDependency section */
		5CC96B8A21254CC200E78A40 /* PBXTargetDependency */ = {
			isa = PBXTargetDependency;
			target = 5CC96B6F21254CC100E78A40 /* SHEmotionKeyboardExmaple */;
			targetProxy = 5CC96B8921254CC200E78A40 /* PBXContainerItemProxy */;
		};
		5CC96B9521254CC200E78A40 /* PBXTargetDependency */ = {
			isa = PBXTargetDependency;
			target = 5CC96B6F21254CC100E78A40 /* SHEmotionKeyboardExmaple */;
			targetProxy = 5CC96B9421254CC200E78A40 /* PBXContainerItemProxy */;
		};
/* End PBXTargetDependency section */

/* Begin PBXVariantGroup section */
		5CC96B7921254CC100E78A40 /* Main.storyboard */ = {
			isa = PBXVariantGroup;
			children = (
				5CC96B7A21254CC100E78A40 /* Base */,
			);
			name = Main.storyboard;
			sourceTree = "<group>";
		};
		5CC96B7E21254CC200E78A40 /* LaunchScreen.storyboard */ = {
			isa = PBXVariantGroup;
			children = (
				5CC96B7F21254CC200E78A40 /* Base */,
			);
			name = LaunchScreen.storyboard;
			sourceTree = "<group>";
		};
/* End PBXVariantGroup section */

/* Begin XCBuildConfiguration section */
		5CC96B9A21254CC200E78A40 /* Debug */ = {
			isa = XCBuildConfiguration;
			buildSettings = {
				ALWAYS_SEARCH_USER_PATHS = NO;
				CLANG_ANALYZER_NONNULL = YES;
				CLANG_ANALYZER_NUMBER_OBJECT_CONVERSION = YES_AGGRESSIVE;
				CLANG_CXX_LANGUAGE_STANDARD = "gnu++14";
				CLANG_CXX_LIBRARY = "libc++";
				CLANG_ENABLE_MODULES = YES;
				CLANG_ENABLE_OBJC_ARC = YES;
				CLANG_ENABLE_OBJC_WEAK = YES;
				CLANG_WARN_BLOCK_CAPTURE_AUTORELEASING = YES;
				CLANG_WARN_BOOL_CONVERSION = YES;
				CLANG_WARN_COMMA = YES;
				CLANG_WARN_CONSTANT_CONVERSION = YES;
				CLANG_WARN_DEPRECATED_OBJC_IMPLEMENTATIONS = YES;
				CLANG_WARN_DIRECT_OBJC_ISA_USAGE = YES_ERROR;
				CLANG_WARN_DOCUMENTATION_COMMENTS = YES;
				CLANG_WARN_EMPTY_BODY = YES;
				CLANG_WARN_ENUM_CONVERSION = YES;
				CLANG_WARN_INFINITE_RECURSION = YES;
				CLANG_WARN_INT_CONVERSION = YES;
				CLANG_WARN_NON_LITERAL_NULL_CONVERSION = YES;
				CLANG_WARN_OBJC_IMPLICIT_RETAIN_SELF = YES;
				CLANG_WARN_OBJC_LITERAL_CONVERSION = YES;
				CLANG_WARN_OBJC_ROOT_CLASS = YES_ERROR;
				CLANG_WARN_RANGE_LOOP_ANALYSIS = YES;
				CLANG_WARN_STRICT_PROTOTYPES = YES;
				CLANG_WARN_SUSPICIOUS_MOVE = YES;
				CLANG_WARN_UNGUARDED_AVAILABILITY = YES_AGGRESSIVE;
				CLANG_WARN_UNREACHABLE_CODE = YES;
				CLANG_WARN__DUPLICATE_METHOD_MATCH = YES;
				CODE_SIGN_IDENTITY = "iPhone Developer";
				COPY_PHASE_STRIP = NO;
				DEBUG_INFORMATION_FORMAT = dwarf;
				ENABLE_STRICT_OBJC_MSGSEND = YES;
				ENABLE_TESTABILITY = YES;
				GCC_C_LANGUAGE_STANDARD = gnu11;
				GCC_DYNAMIC_NO_PIC = NO;
				GCC_NO_COMMON_BLOCKS = YES;
				GCC_OPTIMIZATION_LEVEL = 0;
				GCC_PREPROCESSOR_DEFINITIONS = (
					"DEBUG=1",
					"$(inherited)",
				);
				GCC_WARN_64_TO_32_BIT_CONVERSION = YES;
				GCC_WARN_ABOUT_RETURN_TYPE = YES_ERROR;
				GCC_WARN_UNDECLARED_SELECTOR = YES;
				GCC_WARN_UNINITIALIZED_AUTOS = YES_AGGRESSIVE;
				GCC_WARN_UNUSED_FUNCTION = YES;
				GCC_WARN_UNUSED_VARIABLE = YES;
				IPHONEOS_DEPLOYMENT_TARGET = 11.4;
				MTL_ENABLE_DEBUG_INFO = YES;
				ONLY_ACTIVE_ARCH = YES;
				SDKROOT = iphoneos;
			};
			name = Debug;
		};
		5CC96B9B21254CC200E78A40 /* Release */ = {
			isa = XCBuildConfiguration;
			buildSettings = {
				ALWAYS_SEARCH_USER_PATHS = NO;
				CLANG_ANALYZER_NONNULL = YES;
				CLANG_ANALYZER_NUMBER_OBJECT_CONVERSION = YES_AGGRESSIVE;
				CLANG_CXX_LANGUAGE_STANDARD = "gnu++14";
				CLANG_CXX_LIBRARY = "libc++";
				CLANG_ENABLE_MODULES = YES;
				CLANG_ENABLE_OBJC_ARC = YES;
				CLANG_ENABLE_OBJC_WEAK = YES;
				CLANG_WARN_BLOCK_CAPTURE_AUTORELEASING = YES;
				CLANG_WARN_BOOL_CONVERSION = YES;
				CLANG_WARN_COMMA = YES;
				CLANG_WARN_CONSTANT_CONVERSION = YES;
				CLANG_WARN_DEPRECATED_OBJC_IMPLEMENTATIONS = YES;
				CLANG_WARN_DIRECT_OBJC_ISA_USAGE = YES_ERROR;
				CLANG_WARN_DOCUMENTATION_COMMENTS = YES;
				CLANG_WARN_EMPTY_BODY = YES;
				CLANG_WARN_ENUM_CONVERSION = YES;
				CLANG_WARN_INFINITE_RECURSION = YES;
				CLANG_WARN_INT_CONVERSION = YES;
				CLANG_WARN_NON_LITERAL_NULL_CONVERSION = YES;
				CLANG_WARN_OBJC_IMPLICIT_RETAIN_SELF = YES;
				CLANG_WARN_OBJC_LITERAL_CONVERSION = YES;
				CLANG_WARN_OBJC_ROOT_CLASS = YES_ERROR;
				CLANG_WARN_RANGE_LOOP_ANALYSIS = YES;
				CLANG_WARN_STRICT_PROTOTYPES = YES;
				CLANG_WARN_SUSPICIOUS_MOVE = YES;
				CLANG_WARN_UNGUARDED_AVAILABILITY = YES_AGGRESSIVE;
				CLANG_WARN_UNREACHABLE_CODE = YES;
				CLANG_WARN__DUPLICATE_METHOD_MATCH = YES;
				CODE_SIGN_IDENTITY = "iPhone Developer";
				COPY_PHASE_STRIP = NO;
				DEBUG_INFORMATION_FORMAT = "dwarf-with-dsym";
				ENABLE_NS_ASSERTIONS = NO;
				ENABLE_STRICT_OBJC_MSGSEND = YES;
				GCC_C_LANGUAGE_STANDARD = gnu11;
				GCC_NO_COMMON_BLOCKS = YES;
				GCC_WARN_64_TO_32_BIT_CONVERSION = YES;
				GCC_WARN_ABOUT_RETURN_TYPE = YES_ERROR;
				GCC_WARN_UNDECLARED_SELECTOR = YES;
				GCC_WARN_UNINITIALIZED_AUTOS = YES_AGGRESSIVE;
				GCC_WARN_UNUSED_FUNCTION = YES;
				GCC_WARN_UNUSED_VARIABLE = YES;
				IPHONEOS_DEPLOYMENT_TARGET = 11.4;
				MTL_ENABLE_DEBUG_INFO = NO;
				SDKROOT = iphoneos;
				VALIDATE_PRODUCT = YES;
			};
			name = Release;
		};
		5CC96B9D21254CC200E78A40 /* Debug */ = {
			isa = XCBuildConfiguration;
			baseConfigurationReference = CA16EE80A1EE314182D0ED30 /* Pods-SHEmotionKeyboardExmaple.debug.xcconfig */;
			buildSettings = {
				ASSETCATALOG_COMPILER_APPICON_NAME = AppIcon;
				CODE_SIGN_STYLE = Automatic;
				INFOPLIST_FILE = SHEmotionKeyboardExmaple/Info.plist;
				LD_RUNPATH_SEARCH_PATHS = (
					"$(inherited)",
					"@executable_path/Frameworks",
				);
				PRODUCT_BUNDLE_IDENTIFIER = csh.SHEmotionKeyboardExmaple;
				PRODUCT_NAME = "$(TARGET_NAME)";
				TARGETED_DEVICE_FAMILY = "1,2";
			};
			name = Debug;
		};
		5CC96B9E21254CC200E78A40 /* Release */ = {
			isa = XCBuildConfiguration;
			baseConfigurationReference = 325126831A52E79F4D6BD643 /* Pods-SHEmotionKeyboardExmaple.release.xcconfig */;
			buildSettings = {
				ASSETCATALOG_COMPILER_APPICON_NAME = AppIcon;
				CODE_SIGN_STYLE = Automatic;
				INFOPLIST_FILE = SHEmotionKeyboardExmaple/Info.plist;
				LD_RUNPATH_SEARCH_PATHS = (
					"$(inherited)",
					"@executable_path/Frameworks",
				);
				PRODUCT_BUNDLE_IDENTIFIER = csh.SHEmotionKeyboardExmaple;
				PRODUCT_NAME = "$(TARGET_NAME)";
				TARGETED_DEVICE_FAMILY = "1,2";
			};
			name = Release;
		};
		5CC96BA021254CC200E78A40 /* Debug */ = {
			isa = XCBuildConfiguration;
			buildSettings = {
				BUNDLE_LOADER = "$(TEST_HOST)";
				CODE_SIGN_STYLE = Automatic;
				INFOPLIST_FILE = SHEmotionKeyboardExmapleTests/Info.plist;
				LD_RUNPATH_SEARCH_PATHS = (
					"$(inherited)",
					"@executable_path/Frameworks",
					"@loader_path/Frameworks",
				);
				PRODUCT_BUNDLE_IDENTIFIER = csh.SHEmotionKeyboardExmapleTests;
				PRODUCT_NAME = "$(TARGET_NAME)";
				TARGETED_DEVICE_FAMILY = "1,2";
				TEST_HOST = "$(BUILT_PRODUCTS_DIR)/SHEmotionKeyboardExmaple.app/SHEmotionKeyboardExmaple";
			};
			name = Debug;
		};
		5CC96BA121254CC200E78A40 /* Release */ = {
			isa = XCBuildConfiguration;
			buildSettings = {
				BUNDLE_LOADER = "$(TEST_HOST)";
				CODE_SIGN_STYLE = Automatic;
				INFOPLIST_FILE = SHEmotionKeyboardExmapleTests/Info.plist;
				LD_RUNPATH_SEARCH_PATHS = (
					"$(inherited)",
					"@executable_path/Frameworks",
					"@loader_path/Frameworks",
				);
				PRODUCT_BUNDLE_IDENTIFIER = csh.SHEmotionKeyboardExmapleTests;
				PRODUCT_NAME = "$(TARGET_NAME)";
				TARGETED_DEVICE_FAMILY = "1,2";
				TEST_HOST = "$(BUILT_PRODUCTS_DIR)/SHEmotionKeyboardExmaple.app/SHEmotionKeyboardExmaple";
			};
			name = Release;
		};
		5CC96BA321254CC200E78A40 /* Debug */ = {
			isa = XCBuildConfiguration;
			buildSettings = {
				CODE_SIGN_STYLE = Automatic;
				INFOPLIST_FILE = SHEmotionKeyboardExmapleUITests/Info.plist;
				LD_RUNPATH_SEARCH_PATHS = (
					"$(inherited)",
					"@executable_path/Frameworks",
					"@loader_path/Frameworks",
				);
				PRODUCT_BUNDLE_IDENTIFIER = csh.SHEmotionKeyboardExmapleUITests;
				PRODUCT_NAME = "$(TARGET_NAME)";
				TARGETED_DEVICE_FAMILY = "1,2";
				TEST_TARGET_NAME = SHEmotionKeyboardExmaple;
			};
			name = Debug;
		};
		5CC96BA421254CC200E78A40 /* Release */ = {
			isa = XCBuildConfiguration;
			buildSettings = {
				CODE_SIGN_STYLE = Automatic;
				INFOPLIST_FILE = SHEmotionKeyboardExmapleUITests/Info.plist;
				LD_RUNPATH_SEARCH_PATHS = (
					"$(inherited)",
					"@executable_path/Frameworks",
					"@loader_path/Frameworks",
				);
				PRODUCT_BUNDLE_IDENTIFIER = csh.SHEmotionKeyboardExmapleUITests;
				PRODUCT_NAME = "$(TARGET_NAME)";
				TARGETED_DEVICE_FAMILY = "1,2";
				TEST_TARGET_NAME = SHEmotionKeyboardExmaple;
			};
			name = Release;
		};
/* End XCBuildConfiguration section */

/* Begin XCConfigurationList section */
		5CC96B6B21254CC100E78A40 /* Build configuration list for PBXProject "SHEmotionKeyboardExmaple" */ = {
			isa = XCConfigurationList;
			buildConfigurations = (
				5CC96B9A21254CC200E78A40 /* Debug */,
				5CC96B9B21254CC200E78A40 /* Release */,
			);
			defaultConfigurationIsVisible = 0;
			defaultConfigurationName = Release;
		};
		5CC96B9C21254CC200E78A40 /* Build configuration list for PBXNativeTarget "SHEmotionKeyboardExmaple" */ = {
			isa = XCConfigurationList;
			buildConfigurations = (
				5CC96B9D21254CC200E78A40 /* Debug */,
				5CC96B9E21254CC200E78A40 /* Release */,
			);
			defaultConfigurationIsVisible = 0;
			defaultConfigurationName = Release;
		};
		5CC96B9F21254CC200E78A40 /* Build configuration list for PBXNativeTarget "SHEmotionKeyboardExmapleTests" */ = {
			isa = XCConfigurationList;
			buildConfigurations = (
				5CC96BA021254CC200E78A40 /* Debug */,
				5CC96BA121254CC200E78A40 /* Release */,
			);
			defaultConfigurationIsVisible = 0;
			defaultConfigurationName = Release;
		};
		5CC96BA221254CC200E78A40 /* Build configuration list for PBXNativeTarget "SHEmotionKeyboardExmapleUITests" */ = {
			isa = XCConfigurationList;
			buildConfigurations = (
				5CC96BA321254CC200E78A40 /* Debug */,
				5CC96BA421254CC200E78A40 /* Release */,
			);
			defaultConfigurationIsVisible = 0;
			defaultConfigurationName = Release;
		};
/* End XCConfigurationList section */
	};
	rootObject = 5CC96B6821254CC100E78A40 /* Project object */;
}
